
Microsoft Visual Studio Solution File, Format Version 12.00
# Visual Studio 14
VisualStudioVersion = 14.0.23107.0
MinimumVisualStudioVersion = 10.0.40219.1
Project("{8BC9CEB8-8B4A-11D0-8D11-00A0C91BC942}") = "DBG", "DBG\DBG.vcxproj", "{D2BF6C4E-5173-4802-9753-69945922BE54}"
EndProject
Project("{8BC9CEB8-8B4A-11D0-8D11-00A0C91BC942}") = "注入和HOOK任务管理器保存指定进程", "C:\Users\卢漫瞳\Desktop\注入和HOOK任务管理器保存指定进程\注入和HOOK任务管理器保存指定进程\注入和HOOK任务管理器保存指定进程\注入和HOOK任务管理器保存指定进程.vcxproj", "{15C04377-C95E-494C-B04A-FA2DA4893B3A}"
EndProject
Global
	GlobalSection(SolutionConfigurationPlatforms) = preSolution
		Debug|x64 = Debug|x64
		Debug|x86 = Debug|x86
		Release|x64 = Release|x64
		Release|x86 = Release|x86
	EndGlobalSection
	GlobalSection(ProjectConfigurationPlatforms) = postSolution
		{D2BF6C4E-5173-4802-9753-69945922BE54}.Debug|x64.ActiveCfg = Debug|x64
		{D2BF6C4E-5173-4802-9753-69945922BE54}.Debug|x64.Build.0 = Debug|x64
		{D2BF6C4E-5173-4802-9753-69945922BE54}.Debug|x86.ActiveCfg = Debug|Win32
		{D2BF6C4E-5173-4802-9753-69945922BE54}.Debug|x86.Build.0 = Debug|Win32
		{D2BF6C4E-5173-4802-9753-69945922BE54}.Release|x64.ActiveCfg = Release|x64
		{D2BF6C4E-5173-4802-9753-69945922BE54}.Release|x64.Build.0 = Release|x64
		{D2BF6C4E-5173-4802-9753-69945922BE54}.Release|x86.ActiveCfg = Release|Win32
		{D2BF6C4E-5173-4802-9753-69945922BE54}.Release|x86.Build.0 = Release|Win32
		{15C04377-C95E-494C-B04A-FA2DA4893B3A}.Debug|x64.ActiveCfg = Debug|x64
		{15C04377-C95E-494C-B04A-FA2DA4893B3A}.Debug|x64.Build.0 = Debug|x64
		{15C04377-C95E-494C-B04A-FA2DA4893B3A}.Debug|x86.ActiveCfg = Debug|Win32
		{15C04377-C95E-494C-B04A-FA2DA4893B3A}.Debug|x86.Build.0 = Debug|Win32
		{15C04377-C95E-494C-B04A-FA2DA4893B3A}.Release|x64.ActiveCfg = Release|x64
		{15C04377-C95E-494C-B04A-FA2DA4893B3A}.Release|x64.Build.0 = Release|x64
		{15C04377-C95E-494C-B04A-FA2DA4893B3A}.Release|x86.ActiveCfg = Release|Win32
		{15C04377-C95E-494C-B04A-FA2DA4893B3A}.Release|x86.Build.0 = Release|Win32
	EndGlobalSection
	GlobalSection(SolutionProperties) = preSolution
		HideSolutionNode = FALSE
	EndGlobalSection
EndGlobal
